
Microsoft Visual Studio Solution File, Format Version 12.00
# Visual Studio 2013
VisualStudioVersion = 12.0.30723.0
MinimumVisualStudioVersion = 10.0.40219.1
Project("{8BC9CEB8-8B4A-11D0-8D11-00A0C91BC942}") = "calcServ", "self\self.vcxproj", "{793CE7A2-67A0-4122-AC64-79DBF093E2CF}"
EndProject
Project("{8BC9CEB8-8B4A-11D0-8D11-00A0C91BC942}") = "calcClnt", "clnt\clnt.vcxproj", "{388044CB-54AE-4257-AB07-765DD5BBF1C8}"
EndProject
Project("{8BC9CEB8-8B4A-11D0-8D11-00A0C91BC942}") = "FtpServ", "FtpServ\FtpServ.vcxproj", "{4EA4827A-106E-4338-8674-7B13B4FFE8FB}"
EndProject
Project("{8BC9CEB8-8B4A-11D0-8D11-00A0C91BC942}") = "FtpClnt", "FtpClnt\FtpClnt.vcxproj", "{43140500-BCDD-411B-824D-E1E2FE08A7E9}"
EndProject
Project("{2150E333-8FDC-42A3-9474-1A3956D46DE8}") = "calc", "calc", "{8A87C03B-0DCB-4D5F-8D31-C934D34E0055}"
EndProject
Project("{2150E333-8FDC-42A3-9474-1A3956D46DE8}") = "ftp", "ftp", "{6FFF4187-50BD-4799-943E-BF3ADC99BBBB}"
EndProject
Project("{8BC9CEB8-8B4A-11D0-8D11-00A0C91BC942}") = "prac", "prac\prac.vcxproj", "{5DD6948C-5A2A-415C-83DB-7A06770C48B1}"
EndProject
Project("{8BC9CEB8-8B4A-11D0-8D11-00A0C91BC942}") = "iocpServ", "iocpServ\iocpServ.vcxproj", "{C98F60EA-CB93-43E7-8906-89AEB69E1EF0}"
EndProject
Project("{8BC9CEB8-8B4A-11D0-8D11-00A0C91BC942}") = "iocpClnt", "iocpClnt\iocpClnt.vcxproj", "{3947D5BA-687E-4F9D-BA05-761DEC680A45}"
EndProject
Project("{2150E333-8FDC-42A3-9474-1A3956D46DE8}") = "iocp", "iocp", "{B4557BA4-7814-4FC0-A049-7E110A896575}"
EndProject
Project("{2150E333-8FDC-42A3-9474-1A3956D46DE8}") = "prca", "prca", "{FA186D81-B8BD-4DD3-A0AA-A5313FDBFC23}"
EndProject
Project("{2150E333-8FDC-42A3-9474-1A3956D46DE8}") = "Overlaped", "Overlaped", "{E930E68B-EA70-428F-BBE1-E19DEE685FAC}"
EndProject
Project("{2150E333-8FDC-42A3-9474-1A3956D46DE8}") = "CompletedRoutine", "CompletedRoutine", "{F1AF4287-1258-43C8-92D5-315F45BACBD8}"
EndProject
Project("{8BC9CEB8-8B4A-11D0-8D11-00A0C91BC942}") = "CRServ", "CRServ\CRServ.vcxproj", "{BC4A2EF6-0C90-46B8-A99B-CF84576BB4F7}"
EndProject
Global
	GlobalSection(SolutionConfigurationPlatforms) = preSolution
		Debug|Win32 = Debug|Win32
		Release|Win32 = Release|Win32
	EndGlobalSection
	GlobalSection(ProjectConfigurationPlatforms) = postSolution
		{793CE7A2-67A0-4122-AC64-79DBF093E2CF}.Debug|Win32.ActiveCfg = Debug|Win32
		{793CE7A2-67A0-4122-AC64-79DBF093E2CF}.Debug|Win32.Build.0 = Debug|Win32
		{793CE7A2-67A0-4122-AC64-79DBF093E2CF}.Release|Win32.ActiveCfg = Release|Win32
		{793CE7A2-67A0-4122-AC64-79DBF093E2CF}.Release|Win32.Build.0 = Release|Win32
		{388044CB-54AE-4257-AB07-765DD5BBF1C8}.Debug|Win32.ActiveCfg = Debug|Win32
		{388044CB-54AE-4257-AB07-765DD5BBF1C8}.Debug|Win32.Build.0 = Debug|Win32
		{388044CB-54AE-4257-AB07-765DD5BBF1C8}.Release|Win32.ActiveCfg = Release|Win32
		{388044CB-54AE-4257-AB07-765DD5BBF1C8}.Release|Win32.Build.0 = Release|Win32
		{4EA4827A-106E-4338-8674-7B13B4FFE8FB}.Debug|Win32.ActiveCfg = Debug|Win32
		{4EA4827A-106E-4338-8674-7B13B4FFE8FB}.Debug|Win32.Build.0 = Debug|Win32
		{4EA4827A-106E-4338-8674-7B13B4FFE8FB}.Release|Win32.ActiveCfg = Release|Win32
		{4EA4827A-106E-4338-8674-7B13B4FFE8FB}.Release|Win32.Build.0 = Release|Win32
		{43140500-BCDD-411B-824D-E1E2FE08A7E9}.Debug|Win32.ActiveCfg = Debug|Win32
		{43140500-BCDD-411B-824D-E1E2FE08A7E9}.Debug|Win32.Build.0 = Debug|Win32
		{43140500-BCDD-411B-824D-E1E2FE08A7E9}.Release|Win32.ActiveCfg = Release|Win32
		{43140500-BCDD-411B-824D-E1E2FE08A7E9}.Release|Win32.Build.0 = Release|Win32
		{5DD6948C-5A2A-415C-83DB-7A06770C48B1}.Debug|Win32.ActiveCfg = Debug|Win32
		{5DD6948C-5A2A-415C-83DB-7A06770C48B1}.Debug|Win32.Build.0 = Debug|Win32
		{5DD6948C-5A2A-415C-83DB-7A06770C48B1}.Release|Win32.ActiveCfg = Release|Win32
		{5DD6948C-5A2A-415C-83DB-7A06770C48B1}.Release|Win32.Build.0 = Release|Win32
		{C98F60EA-CB93-43E7-8906-89AEB69E1EF0}.Debug|Win32.ActiveCfg = Debug|Win32
		{C98F60EA-CB93-43E7-8906-89AEB69E1EF0}.Debug|Win32.Build.0 = Debug|Win32
		{C98F60EA-CB93-43E7-8906-89AEB69E1EF0}.Release|Win32.ActiveCfg = Release|Win32
		{C98F60EA-CB93-43E7-8906-89AEB69E1EF0}.Release|Win32.Build.0 = Release|Win32
		{3947D5BA-687E-4F9D-BA05-761DEC680A45}.Debug|Win32.ActiveCfg = Debug|Win32
		{3947D5BA-687E-4F9D-BA05-761DEC680A45}.Debug|Win32.Build.0 = Debug|Win32
		{3947D5BA-687E-4F9D-BA05-761DEC680A45}.Release|Win32.ActiveCfg = Release|Win32
		{3947D5BA-687E-4F9D-BA05-761DEC680A45}.Release|Win32.Build.0 = Release|Win32
		{BC4A2EF6-0C90-46B8-A99B-CF84576BB4F7}.Debug|Win32.ActiveCfg = Debug|Win32
		{BC4A2EF6-0C90-46B8-A99B-CF84576BB4F7}.Debug|Win32.Build.0 = Debug|Win32
		{BC4A2EF6-0C90-46B8-A99B-CF84576BB4F7}.Release|Win32.ActiveCfg = Release|Win32
		{BC4A2EF6-0C90-46B8-A99B-CF84576BB4F7}.Release|Win32.Build.0 = Release|Win32
	EndGlobalSection
	GlobalSection(SolutionProperties) = preSolution
		HideSolutionNode = FALSE
	EndGlobalSection
	GlobalSection(NestedProjects) = preSolution
		{793CE7A2-67A0-4122-AC64-79DBF093E2CF} = {8A87C03B-0DCB-4D5F-8D31-C934D34E0055}
		{388044CB-54AE-4257-AB07-765DD5BBF1C8} = {8A87C03B-0DCB-4D5F-8D31-C934D34E0055}
		{4EA4827A-106E-4338-8674-7B13B4FFE8FB} = {6FFF4187-50BD-4799-943E-BF3ADC99BBBB}
		{43140500-BCDD-411B-824D-E1E2FE08A7E9} = {6FFF4187-50BD-4799-943E-BF3ADC99BBBB}
		{5DD6948C-5A2A-415C-83DB-7A06770C48B1} = {FA186D81-B8BD-4DD3-A0AA-A5313FDBFC23}
		{C98F60EA-CB93-43E7-8906-89AEB69E1EF0} = {E930E68B-EA70-428F-BBE1-E19DEE685FAC}
		{3947D5BA-687E-4F9D-BA05-761DEC680A45} = {E930E68B-EA70-428F-BBE1-E19DEE685FAC}
		{E930E68B-EA70-428F-BBE1-E19DEE685FAC} = {B4557BA4-7814-4FC0-A049-7E110A896575}
		{F1AF4287-1258-43C8-92D5-315F45BACBD8} = {B4557BA4-7814-4FC0-A049-7E110A896575}
		{BC4A2EF6-0C90-46B8-A99B-CF84576BB4F7} = {F1AF4287-1258-43C8-92D5-315F45BACBD8}
	EndGlobalSection
EndGlobal
